
Microsoft Visual Studio Solution File, Format Version 12.00
# Visual Studio Version 17
VisualStudioVersion = 17.2.32422.2
MinimumVisualStudioVersion = 10.0.40219.1
Project("{FAE04EC0-301F-11D3-BF4B-00C04F79EFBC}") = "CryptoDemo", "CryptoDemo.csproj", "{EFD8EB8E-EBB9-4494-A26E-C03D1E12624F}"
EndProject
Global
	GlobalSection(SolutionConfigurationPlatforms) = preSolution
		Debug|Any CPU = Debug|Any CPU
		Release|Any CPU = Release|Any CPU
	EndGlobalSection
	GlobalSection(ProjectConfigurationPlatforms) = postSolution
		{EFD8EB8E-EBB9-4494-A26E-C03D1E12624F}.Debug|Any CPU.ActiveCfg = Debug|Any CPU
		{EFD8EB8E-EBB9-4494-A26E-C03D1E12624F}.Debug|Any CPU.Build.0 = Debug|Any CPU
		{EFD8EB8E-EBB9-4494-A26E-C03D1E12624F}.Release|Any CPU.ActiveCfg = Release|Any CPU
		{EFD8EB8E-EBB9-4494-A26E-C03D1E12624F}.Release|Any CPU.Build.0 = Release|Any CPU
	EndGlobalSection
	GlobalSection(SolutionProperties) = preSolution
		HideSolutionNode = FALSE
	EndGlobalSection
	GlobalSection(ExtensibilityGlobals) = postSolution
		SolutionGuid = {8FB5A171-626C-4F2D-914A-7FB37BD2ABD2}
	EndGlobalSection
EndGlobal
